<?xml version="1.0" encoding="utf-8"?>
<Project ToolsVersion="4.0" xmlns="http://schemas.microsoft.com/developer/msbuild/2003">
  <ItemGroup>
    <Filter Include="공용">
      <UniqueIdentifier>8cc3d84c-eef2-40a4-a2af-fa2ba170e282</UniqueIdentifier>
    </Filter>
    <Filter Include="자산">
      <UniqueIdentifier>ac07d9c4-344a-4f7d-98be-11bb03530509</UniqueIdentifier>
      <Extensions>bmp;fbx;gif;jpg;jpeg;tga;tiff;tif;png</Extensions>
    </Filter>
    <Filter Include="내용">
      <UniqueIdentifier>6fe8ca54-52be-47d2-a24d-38fa05e24f51</UniqueIdentifier>
    </Filter>
    <ClInclude Include="Common\d3dx12.h">
      <Filter>공용</Filter>
    </ClInclude>
    <ClInclude Include="Common\DirectXHelper.h">
      <Filter>공용</Filter>
    </ClInclude>
    <ClInclude Include="Common\StepTimer.h">
      <Filter>공용</Filter>
    </ClInclude>
    <ClInclude Include="Common\DeviceResources.h">
      <Filter>공용</Filter>
    </ClInclude>
    <ClCompile Include="Common\DeviceResources.cpp">
      <Filter>공용</Filter>
    </ClCompile>
    <ClInclude Include="Content\Sample3DSceneRenderer.h">
      <Filter>내용</Filter>
    </ClInclude>
    <ClInclude Include="Content\ShaderStructures.h">
      <Filter>내용</Filter>
    </ClInclude>
    <ClCompile Include="Content\Sample3DSceneRenderer.cpp">
      <Filter>내용</Filter>
    </ClCompile>
    <FxCompile Include="Content\SamplePixelShader.hlsl">
      <Filter>내용</Filter>
    </FxCompile>
    <FxCompile Include="Content\SampleVertexShader.hlsl">
      <Filter>내용</Filter>
    </FxCompile>
    <Image Include="Assets\LockScreenLogo.scale-200.png">
      <Filter>자산</Filter>
    </Image>
    <Image Include="Assets\SplashScreen.scale-200.png">
      <Filter>자산</Filter>
    </Image>
    <Image Include="Assets\Square150x150Logo.scale-200.png">
      <Filter>자산</Filter>
    </Image>
    <Image Include="Assets\Square44x44Logo.scale-200.png">
      <Filter>자산</Filter>
    </Image>
    <Image Include="Assets\Square44x44Logo.targetsize-24_altform-unplated.png">
      <Filter>자산</Filter>
    </Image>
    <Image Include="Assets\StoreLogo.png">
      <Filter>자산</Filter>
    </Image>
    <Image Include="Assets\Wide310x150Logo.scale-200.png">
      <Filter>자산</Filter>
    </Image>
  </ItemGroup>
</Project>